
Microsoft Visual Studio Solution File, Format Version 12.00
# Visual Studio 14
VisualStudioVersion = 14.0.25420.1
MinimumVisualStudioVersion = 10.0.40219.1
Project("{FAE04EC0-301F-11D3-BF4B-00C04F79EFBC}") = "TravelExpertsDb", "TravelExpertsDb\TravelExpertsDb.csproj", "{EE6B8FF2-9420-41FC-9504-F1563BB478E2}"
EndProject
Project("{2150E333-8FDC-42A3-9474-1A3956D46DE8}") = "Solution Items", "Solution Items", "{B6211B99-3721-4539-A5A9-0F32E7A02213}"
	ProjectSection(SolutionItems) = preProject
		..\..\..\Users\743479\Downloads\earth.png = ..\..\..\Users\743479\Downloads\earth.png
		initial.cs = initial.cs
	EndProjectSection
EndProject
Global
	GlobalSection(SolutionConfigurationPlatforms) = preSolution
		Debug|Any CPU = Debug|Any CPU
		Release|Any CPU = Release|Any CPU
	EndGlobalSection
	GlobalSection(ProjectConfigurationPlatforms) = postSolution
		{EE6B8FF2-9420-41FC-9504-F1563BB478E2}.Debug|Any CPU.ActiveCfg = Debug|Any CPU
		{EE6B8FF2-9420-41FC-9504-F1563BB478E2}.Debug|Any CPU.Build.0 = Debug|Any CPU
		{EE6B8FF2-9420-41FC-9504-F1563BB478E2}.Release|Any CPU.ActiveCfg = Release|Any CPU
		{EE6B8FF2-9420-41FC-9504-F1563BB478E2}.Release|Any CPU.Build.0 = Release|Any CPU
	EndGlobalSection
	GlobalSection(SolutionProperties) = preSolution
		HideSolutionNode = FALSE
	EndGlobalSection
EndGlobal
